
Microsoft Visual Studio Solution File, Format Version 12.00
# Visual Studio 2012
Project("{FAE04EC0-301F-11D3-BF4B-00C04F79EFBC}") = "1000", "Problem1000\1000.csproj", "{31F55F88-3159-4914-80A7-5AE33AB05E72}"
EndProject
Project("{FAE04EC0-301F-11D3-BF4B-00C04F79EFBC}") = "1001", "Problem1001\1001.csproj", "{DD15EA86-94A6-43E2-92AF-25E2AF54F039}"
EndProject
Project("{FAE04EC0-301F-11D3-BF4B-00C04F79EFBC}") = "1002", "1002\1002.csproj", "{20009550-A5B9-4986-9DAA-1A4BC66D4A9F}"
EndProject
Project("{FAE04EC0-301F-11D3-BF4B-00C04F79EFBC}") = "1005", "1005\1005.csproj", "{EA14810D-0E1D-48FD-B200-99541C82A52C}"
EndProject
Project("{FAE04EC0-301F-11D3-BF4B-00C04F79EFBC}") = "1009", "1009\1009.csproj", "{E9C1D9EA-D3ED-4F4C-8508-8587C3572B38}"
EndProject
Project("{FAE04EC0-301F-11D3-BF4B-00C04F79EFBC}") = "1014", "1014\1014.csproj", "{DCD63B21-9477-42CC-B70B-844F56810466}"
EndProject
Project("{FAE04EC0-301F-11D3-BF4B-00C04F79EFBC}") = "1020", "1020\1020.csproj", "{8826AB5B-EEA6-41E7-9AF9-4C476B8DB739}"
EndProject
Project("{FAE04EC0-301F-11D3-BF4B-00C04F79EFBC}") = "1017", "1017\1017.csproj", "{1ABA7A62-1AA4-4057-B8E3-C5796862E8BD}"
EndProject
Project("{2150E333-8FDC-42A3-9474-1A3956D46DE8}") = "Solution Items", "Solution Items", "{B8AC1E21-A83D-4879-95DD-CDE81CAED9D3}"
	ProjectSection(SolutionItems) = preProject
		judge_id.txt = judge_id.txt
	EndProjectSection
EndProject
Project("{FAE04EC0-301F-11D3-BF4B-00C04F79EFBC}") = "09_1777_100", "Problem1777\09_1777_100.csproj", "{B5E8690A-F09B-48C9-B835-4CC6E612EF88}"
EndProject
Project("{FAE04EC0-301F-11D3-BF4B-00C04F79EFBC}") = "10_1336_135", "Problem1336\10_1336_135.csproj", "{43728D60-34F4-41CE-B7F2-4BC728FF0E18}"
EndProject
Project("{FAE04EC0-301F-11D3-BF4B-00C04F79EFBC}") = "11_1023_196", "1023\11_1023_196.csproj", "{FE2F515E-24C9-41CF-B5D9-5D2872912E85}"
EndProject
Project("{FAE04EC0-301F-11D3-BF4B-00C04F79EFBC}") = "12_1133_201", "12_1133_201\12_1133_201.csproj", "{A9CB225C-D785-41EA-8420-D24EF68D9BA8}"
EndProject
Project("{FAE04EC0-301F-11D3-BF4B-00C04F79EFBC}") = "13_1210_170", "13_1210_170\13_1210_170.csproj", "{04CEB74A-1733-4DE0-B450-2C7EFC039EF8}"
EndProject
Project("{FAE04EC0-301F-11D3-BF4B-00C04F79EFBC}") = "14_1213_170", "14_1213_170\14_1213_170.csproj", "{AE728848-B342-4882-89BA-D87C893BBAAA}"
EndProject
Project("{FAE04EC0-301F-11D3-BF4B-00C04F79EFBC}") = "15_1102_191_TLE", "15_1102_191\15_1102_191_TLE.csproj", "{F66F50A6-C232-475A-9E22-B1B0C3515344}"
EndProject
Project("{FAE04EC0-301F-11D3-BF4B-00C04F79EFBC}") = "16_1354_191", "16_1354_191\16_1354_191.csproj", "{B7C26DE8-F303-436A-878D-19E23FC7D93C}"
EndProject
Project("{FAE04EC0-301F-11D3-BF4B-00C04F79EFBC}") = "17_1208_192", "17_1208_192\17_1208_192.csproj", "{7B3012B8-9BD2-48FF-BC43-B414B5CD03D8}"
EndProject
Project("{FAE04EC0-301F-11D3-BF4B-00C04F79EFBC}") = "18_1280_192", "18_1280_192\18_1280_192.csproj", "{F48D71AE-5404-40A4-998F-1A6A1E20BDCB}"
EndProject
Project("{FAE04EC0-301F-11D3-BF4B-00C04F79EFBC}") = "19_1680_192", "19_1680_192\19_1680_192.csproj", "{68360FFD-FDFB-40D4-83E5-95400240A18B}"
EndProject
Project("{FAE04EC0-301F-11D3-BF4B-00C04F79EFBC}") = "20_1138_196", "20_1138_196\20_1138_196.csproj", "{17F89B5A-F814-4218-8126-6FBC880845C5}"
EndProject
Project("{FAE04EC0-301F-11D3-BF4B-00C04F79EFBC}") = "21_1272_198_TLE", "21_1272_198\21_1272_198_TLE.csproj", "{51FC3063-F84E-49BE-AF61-44F577888F9E}"
EndProject
Project("{FAE04EC0-301F-11D3-BF4B-00C04F79EFBC}") = "22_1922_196 IncorrectProblem", "22_1922_196\22_1922_196 IncorrectProblem.csproj", "{D5946401-7583-4654-ACDC-015DD1D35FD2}"
EndProject
Project("{FAE04EC0-301F-11D3-BF4B-00C04F79EFBC}") = "23_1112_201_TLE", "23_1112_201\23_1112_201_TLE.csproj", "{D15018B6-164E-4BF3-B234-AF334A2A77CA}"
EndProject
Project("{FAE04EC0-301F-11D3-BF4B-00C04F79EFBC}") = "24_1207_201", "24_1207_201\24_1207_201.csproj", "{C2242B24-E784-40A8-BE5B-40B7A9B77E70}"
EndProject
Project("{FAE04EC0-301F-11D3-BF4B-00C04F79EFBC}") = "25_1586_201", "25_1586_201\25_1586_201.csproj", "{6A1454BA-56E7-46F3-9995-5898275EAAC0}"
EndProject
Project("{FAE04EC0-301F-11D3-BF4B-00C04F79EFBC}") = "26_1737_205", "26_1737_205\26_1737_205.csproj", "{BD456763-A3AB-48E7-9657-02242B74AB8E}"
EndProject
Project("{FAE04EC0-301F-11D3-BF4B-00C04F79EFBC}") = "27_1889_205", "27_1889_205\27_1889_205.csproj", "{39B923CF-576B-4080-A2E9-69892D432228}"
EndProject
Project("{FAE04EC0-301F-11D3-BF4B-00C04F79EFBC}") = "28_1249_210", "28_1249_210\28_1249_210.csproj", "{3ADC0A8D-D9EE-4A8E-869C-9FC0A349DD6D}"
EndProject
Global
	GlobalSection(SolutionConfigurationPlatforms) = preSolution
		Debug|Any CPU = Debug|Any CPU
		Release|Any CPU = Release|Any CPU
	EndGlobalSection
	GlobalSection(ProjectConfigurationPlatforms) = postSolution
		{31F55F88-3159-4914-80A7-5AE33AB05E72}.Debug|Any CPU.ActiveCfg = Debug|Any CPU
		{31F55F88-3159-4914-80A7-5AE33AB05E72}.Debug|Any CPU.Build.0 = Debug|Any CPU
		{31F55F88-3159-4914-80A7-5AE33AB05E72}.Release|Any CPU.ActiveCfg = Release|Any CPU
		{31F55F88-3159-4914-80A7-5AE33AB05E72}.Release|Any CPU.Build.0 = Release|Any CPU
		{DD15EA86-94A6-43E2-92AF-25E2AF54F039}.Debug|Any CPU.ActiveCfg = Debug|Any CPU
		{DD15EA86-94A6-43E2-92AF-25E2AF54F039}.Debug|Any CPU.Build.0 = Debug|Any CPU
		{DD15EA86-94A6-43E2-92AF-25E2AF54F039}.Release|Any CPU.ActiveCfg = Release|Any CPU
		{DD15EA86-94A6-43E2-92AF-25E2AF54F039}.Release|Any CPU.Build.0 = Release|Any CPU
		{20009550-A5B9-4986-9DAA-1A4BC66D4A9F}.Debug|Any CPU.ActiveCfg = Debug|Any CPU
		{20009550-A5B9-4986-9DAA-1A4BC66D4A9F}.Debug|Any CPU.Build.0 = Debug|Any CPU
		{20009550-A5B9-4986-9DAA-1A4BC66D4A9F}.Release|Any CPU.ActiveCfg = Release|Any CPU
		{20009550-A5B9-4986-9DAA-1A4BC66D4A9F}.Release|Any CPU.Build.0 = Release|Any CPU
		{EA14810D-0E1D-48FD-B200-99541C82A52C}.Debug|Any CPU.ActiveCfg = Debug|Any CPU
		{EA14810D-0E1D-48FD-B200-99541C82A52C}.Debug|Any CPU.Build.0 = Debug|Any CPU
		{EA14810D-0E1D-48FD-B200-99541C82A52C}.Release|Any CPU.ActiveCfg = Release|Any CPU
		{EA14810D-0E1D-48FD-B200-99541C82A52C}.Release|Any CPU.Build.0 = Release|Any CPU
		{E9C1D9EA-D3ED-4F4C-8508-8587C3572B38}.Debug|Any CPU.ActiveCfg = Debug|Any CPU
		{E9C1D9EA-D3ED-4F4C-8508-8587C3572B38}.Debug|Any CPU.Build.0 = Debug|Any CPU
		{E9C1D9EA-D3ED-4F4C-8508-8587C3572B38}.Release|Any CPU.ActiveCfg = Release|Any CPU
		{E9C1D9EA-D3ED-4F4C-8508-8587C3572B38}.Release|Any CPU.Build.0 = Release|Any CPU
		{DCD63B21-9477-42CC-B70B-844F56810466}.Debug|Any CPU.ActiveCfg = Debug|Any CPU
		{DCD63B21-9477-42CC-B70B-844F56810466}.Debug|Any CPU.Build.0 = Debug|Any CPU
		{DCD63B21-9477-42CC-B70B-844F56810466}.Release|Any CPU.ActiveCfg = Release|Any CPU
		{DCD63B21-9477-42CC-B70B-844F56810466}.Release|Any CPU.Build.0 = Release|Any CPU
		{8826AB5B-EEA6-41E7-9AF9-4C476B8DB739}.Debug|Any CPU.ActiveCfg = Debug|Any CPU
		{8826AB5B-EEA6-41E7-9AF9-4C476B8DB739}.Debug|Any CPU.Build.0 = Debug|Any CPU
		{8826AB5B-EEA6-41E7-9AF9-4C476B8DB739}.Release|Any CPU.ActiveCfg = Release|Any CPU
		{8826AB5B-EEA6-41E7-9AF9-4C476B8DB739}.Release|Any CPU.Build.0 = Release|Any CPU
		{1ABA7A62-1AA4-4057-B8E3-C5796862E8BD}.Debug|Any CPU.ActiveCfg = Debug|Any CPU
		{1ABA7A62-1AA4-4057-B8E3-C5796862E8BD}.Debug|Any CPU.Build.0 = Debug|Any CPU
		{1ABA7A62-1AA4-4057-B8E3-C5796862E8BD}.Release|Any CPU.ActiveCfg = Release|Any CPU
		{1ABA7A62-1AA4-4057-B8E3-C5796862E8BD}.Release|Any CPU.Build.0 = Release|Any CPU
		{B5E8690A-F09B-48C9-B835-4CC6E612EF88}.Debug|Any CPU.ActiveCfg = Debug|Any CPU
		{B5E8690A-F09B-48C9-B835-4CC6E612EF88}.Debug|Any CPU.Build.0 = Debug|Any CPU
		{B5E8690A-F09B-48C9-B835-4CC6E612EF88}.Release|Any CPU.ActiveCfg = Release|Any CPU
		{B5E8690A-F09B-48C9-B835-4CC6E612EF88}.Release|Any CPU.Build.0 = Release|Any CPU
		{43728D60-34F4-41CE-B7F2-4BC728FF0E18}.Debug|Any CPU.ActiveCfg = Debug|Any CPU
		{43728D60-34F4-41CE-B7F2-4BC728FF0E18}.Debug|Any CPU.Build.0 = Debug|Any CPU
		{43728D60-34F4-41CE-B7F2-4BC728FF0E18}.Release|Any CPU.ActiveCfg = Release|Any CPU
		{43728D60-34F4-41CE-B7F2-4BC728FF0E18}.Release|Any CPU.Build.0 = Release|Any CPU
		{FE2F515E-24C9-41CF-B5D9-5D2872912E85}.Debug|Any CPU.ActiveCfg = Debug|Any CPU
		{FE2F515E-24C9-41CF-B5D9-5D2872912E85}.Debug|Any CPU.Build.0 = Debug|Any CPU
		{FE2F515E-24C9-41CF-B5D9-5D2872912E85}.Release|Any CPU.ActiveCfg = Release|Any CPU
		{FE2F515E-24C9-41CF-B5D9-5D2872912E85}.Release|Any CPU.Build.0 = Release|Any CPU
		{A9CB225C-D785-41EA-8420-D24EF68D9BA8}.Debug|Any CPU.ActiveCfg = Debug|Any CPU
		{A9CB225C-D785-41EA-8420-D24EF68D9BA8}.Debug|Any CPU.Build.0 = Debug|Any CPU
		{A9CB225C-D785-41EA-8420-D24EF68D9BA8}.Release|Any CPU.ActiveCfg = Release|Any CPU
		{A9CB225C-D785-41EA-8420-D24EF68D9BA8}.Release|Any CPU.Build.0 = Release|Any CPU
		{04CEB74A-1733-4DE0-B450-2C7EFC039EF8}.Debug|Any CPU.ActiveCfg = Debug|Any CPU
		{04CEB74A-1733-4DE0-B450-2C7EFC039EF8}.Debug|Any CPU.Build.0 = Debug|Any CPU
		{04CEB74A-1733-4DE0-B450-2C7EFC039EF8}.Release|Any CPU.ActiveCfg = Release|Any CPU
		{04CEB74A-1733-4DE0-B450-2C7EFC039EF8}.Release|Any CPU.Build.0 = Release|Any CPU
		{AE728848-B342-4882-89BA-D87C893BBAAA}.Debug|Any CPU.ActiveCfg = Debug|Any CPU
		{AE728848-B342-4882-89BA-D87C893BBAAA}.Debug|Any CPU.Build.0 = Debug|Any CPU
		{AE728848-B342-4882-89BA-D87C893BBAAA}.Release|Any CPU.ActiveCfg = Release|Any CPU
		{AE728848-B342-4882-89BA-D87C893BBAAA}.Release|Any CPU.Build.0 = Release|Any CPU
		{F66F50A6-C232-475A-9E22-B1B0C3515344}.Debug|Any CPU.ActiveCfg = Debug|Any CPU
		{F66F50A6-C232-475A-9E22-B1B0C3515344}.Debug|Any CPU.Build.0 = Debug|Any CPU
		{F66F50A6-C232-475A-9E22-B1B0C3515344}.Release|Any CPU.ActiveCfg = Release|Any CPU
		{F66F50A6-C232-475A-9E22-B1B0C3515344}.Release|Any CPU.Build.0 = Release|Any CPU
		{B7C26DE8-F303-436A-878D-19E23FC7D93C}.Debug|Any CPU.ActiveCfg = Debug|Any CPU
		{B7C26DE8-F303-436A-878D-19E23FC7D93C}.Debug|Any CPU.Build.0 = Debug|Any CPU
		{B7C26DE8-F303-436A-878D-19E23FC7D93C}.Release|Any CPU.ActiveCfg = Release|Any CPU
		{B7C26DE8-F303-436A-878D-19E23FC7D93C}.Release|Any CPU.Build.0 = Release|Any CPU
		{7B3012B8-9BD2-48FF-BC43-B414B5CD03D8}.Debug|Any CPU.ActiveCfg = Debug|Any CPU
		{7B3012B8-9BD2-48FF-BC43-B414B5CD03D8}.Debug|Any CPU.Build.0 = Debug|Any CPU
		{7B3012B8-9BD2-48FF-BC43-B414B5CD03D8}.Release|Any CPU.ActiveCfg = Release|Any CPU
		{7B3012B8-9BD2-48FF-BC43-B414B5CD03D8}.Release|Any CPU.Build.0 = Release|Any CPU
		{F48D71AE-5404-40A4-998F-1A6A1E20BDCB}.Debug|Any CPU.ActiveCfg = Debug|Any CPU
		{F48D71AE-5404-40A4-998F-1A6A1E20BDCB}.Debug|Any CPU.Build.0 = Debug|Any CPU
		{F48D71AE-5404-40A4-998F-1A6A1E20BDCB}.Release|Any CPU.ActiveCfg = Release|Any CPU
		{F48D71AE-5404-40A4-998F-1A6A1E20BDCB}.Release|Any CPU.Build.0 = Release|Any CPU
		{68360FFD-FDFB-40D4-83E5-95400240A18B}.Debug|Any CPU.ActiveCfg = Debug|Any CPU
		{68360FFD-FDFB-40D4-83E5-95400240A18B}.Debug|Any CPU.Build.0 = Debug|Any CPU
		{68360FFD-FDFB-40D4-83E5-95400240A18B}.Release|Any CPU.ActiveCfg = Release|Any CPU
		{68360FFD-FDFB-40D4-83E5-95400240A18B}.Release|Any CPU.Build.0 = Release|Any CPU
		{17F89B5A-F814-4218-8126-6FBC880845C5}.Debug|Any CPU.ActiveCfg = Debug|Any CPU
		{17F89B5A-F814-4218-8126-6FBC880845C5}.Debug|Any CPU.Build.0 = Debug|Any CPU
		{17F89B5A-F814-4218-8126-6FBC880845C5}.Release|Any CPU.ActiveCfg = Release|Any CPU
		{17F89B5A-F814-4218-8126-6FBC880845C5}.Release|Any CPU.Build.0 = Release|Any CPU
		{51FC3063-F84E-49BE-AF61-44F577888F9E}.Debug|Any CPU.ActiveCfg = Debug|Any CPU
		{51FC3063-F84E-49BE-AF61-44F577888F9E}.Debug|Any CPU.Build.0 = Debug|Any CPU
		{51FC3063-F84E-49BE-AF61-44F577888F9E}.Release|Any CPU.ActiveCfg = Release|Any CPU
		{51FC3063-F84E-49BE-AF61-44F577888F9E}.Release|Any CPU.Build.0 = Release|Any CPU
		{D5946401-7583-4654-ACDC-015DD1D35FD2}.Debug|Any CPU.ActiveCfg = Debug|Any CPU
		{D5946401-7583-4654-ACDC-015DD1D35FD2}.Debug|Any CPU.Build.0 = Debug|Any CPU
		{D5946401-7583-4654-ACDC-015DD1D35FD2}.Release|Any CPU.ActiveCfg = Release|Any CPU
		{D5946401-7583-4654-ACDC-015DD1D35FD2}.Release|Any CPU.Build.0 = Release|Any CPU
		{D15018B6-164E-4BF3-B234-AF334A2A77CA}.Debug|Any CPU.ActiveCfg = Debug|Any CPU
		{D15018B6-164E-4BF3-B234-AF334A2A77CA}.Debug|Any CPU.Build.0 = Debug|Any CPU
		{D15018B6-164E-4BF3-B234-AF334A2A77CA}.Release|Any CPU.ActiveCfg = Release|Any CPU
		{D15018B6-164E-4BF3-B234-AF334A2A77CA}.Release|Any CPU.Build.0 = Release|Any CPU
		{C2242B24-E784-40A8-BE5B-40B7A9B77E70}.Debug|Any CPU.ActiveCfg = Debug|Any CPU
		{C2242B24-E784-40A8-BE5B-40B7A9B77E70}.Debug|Any CPU.Build.0 = Debug|Any CPU
		{C2242B24-E784-40A8-BE5B-40B7A9B77E70}.Release|Any CPU.ActiveCfg = Release|Any CPU
		{C2242B24-E784-40A8-BE5B-40B7A9B77E70}.Release|Any CPU.Build.0 = Release|Any CPU
		{6A1454BA-56E7-46F3-9995-5898275EAAC0}.Debug|Any CPU.ActiveCfg = Debug|Any CPU
		{6A1454BA-56E7-46F3-9995-5898275EAAC0}.Debug|Any CPU.Build.0 = Debug|Any CPU
		{6A1454BA-56E7-46F3-9995-5898275EAAC0}.Release|Any CPU.ActiveCfg = Release|Any CPU
		{6A1454BA-56E7-46F3-9995-5898275EAAC0}.Release|Any CPU.Build.0 = Release|Any CPU
		{BD456763-A3AB-48E7-9657-02242B74AB8E}.Debug|Any CPU.ActiveCfg = Debug|Any CPU
		{BD456763-A3AB-48E7-9657-02242B74AB8E}.Debug|Any CPU.Build.0 = Debug|Any CPU
		{BD456763-A3AB-48E7-9657-02242B74AB8E}.Release|Any CPU.ActiveCfg = Release|Any CPU
		{BD456763-A3AB-48E7-9657-02242B74AB8E}.Release|Any CPU.Build.0 = Release|Any CPU
		{39B923CF-576B-4080-A2E9-69892D432228}.Debug|Any CPU.ActiveCfg = Debug|Any CPU
		{39B923CF-576B-4080-A2E9-69892D432228}.Debug|Any CPU.Build.0 = Debug|Any CPU
		{39B923CF-576B-4080-A2E9-69892D432228}.Release|Any CPU.ActiveCfg = Release|Any CPU
		{39B923CF-576B-4080-A2E9-69892D432228}.Release|Any CPU.Build.0 = Release|Any CPU
		{3ADC0A8D-D9EE-4A8E-869C-9FC0A349DD6D}.Debug|Any CPU.ActiveCfg = Debug|Any CPU
		{3ADC0A8D-D9EE-4A8E-869C-9FC0A349DD6D}.Debug|Any CPU.Build.0 = Debug|Any CPU
		{3ADC0A8D-D9EE-4A8E-869C-9FC0A349DD6D}.Release|Any CPU.ActiveCfg = Release|Any CPU
		{3ADC0A8D-D9EE-4A8E-869C-9FC0A349DD6D}.Release|Any CPU.Build.0 = Release|Any CPU
	EndGlobalSection
	GlobalSection(SolutionProperties) = preSolution
		HideSolutionNode = FALSE
	EndGlobalSection
EndGlobal
